
Microsoft Visual Studio Solution File, Format Version 12.00
# Visual Studio Version 16
VisualStudioVersion = 16.0.29613.14
MinimumVisualStudioVersion = 10.0.40219.1
Project("{FAE04EC0-301F-11D3-BF4B-00C04F79EFBC}") = "Reader", "Reader\Reader.csproj", "{5EAE88DB-8CE0-4373-B7AC-752A8518CCAF}"
EndProject
Project("{FAE04EC0-301F-11D3-BF4B-00C04F79EFBC}") = "UI", "UI\UI.csproj", "{C690ABB6-DA7F-4017-9762-942148F47047}"
EndProject
Project("{FAE04EC0-301F-11D3-BF4B-00C04F79EFBC}") = "Parser", "Parser\Parser.csproj", "{76E3B81A-D51E-44B8-86B5-78C5250CF50A}"
EndProject
Project("{FAE04EC0-301F-11D3-BF4B-00C04F79EFBC}") = "Contracts", "Contracts\Contracts.csproj", "{B033BBD8-6DB5-4C3D-AF06-F54B28ACC7CB}"
EndProject
Global
	GlobalSection(SolutionConfigurationPlatforms) = preSolution
		Debug|Any CPU = Debug|Any CPU
		Debug|ARM = Debug|ARM
		Debug|ARM64 = Debug|ARM64
		Debug|x64 = Debug|x64
		Debug|x86 = Debug|x86
		Release|Any CPU = Release|Any CPU
		Release|ARM = Release|ARM
		Release|ARM64 = Release|ARM64
		Release|x64 = Release|x64
		Release|x86 = Release|x86
	EndGlobalSection
	GlobalSection(ProjectConfigurationPlatforms) = postSolution
		{5EAE88DB-8CE0-4373-B7AC-752A8518CCAF}.Debug|Any CPU.ActiveCfg = Debug|Any CPU
		{5EAE88DB-8CE0-4373-B7AC-752A8518CCAF}.Debug|Any CPU.Build.0 = Debug|Any CPU
		{5EAE88DB-8CE0-4373-B7AC-752A8518CCAF}.Debug|ARM.ActiveCfg = Debug|Any CPU
		{5EAE88DB-8CE0-4373-B7AC-752A8518CCAF}.Debug|ARM.Build.0 = Debug|Any CPU
		{5EAE88DB-8CE0-4373-B7AC-752A8518CCAF}.Debug|ARM64.ActiveCfg = Debug|Any CPU
		{5EAE88DB-8CE0-4373-B7AC-752A8518CCAF}.Debug|ARM64.Build.0 = Debug|Any CPU
		{5EAE88DB-8CE0-4373-B7AC-752A8518CCAF}.Debug|x64.ActiveCfg = Debug|Any CPU
		{5EAE88DB-8CE0-4373-B7AC-752A8518CCAF}.Debug|x64.Build.0 = Debug|Any CPU
		{5EAE88DB-8CE0-4373-B7AC-752A8518CCAF}.Debug|x86.ActiveCfg = Debug|Any CPU
		{5EAE88DB-8CE0-4373-B7AC-752A8518CCAF}.Debug|x86.Build.0 = Debug|Any CPU
		{5EAE88DB-8CE0-4373-B7AC-752A8518CCAF}.Release|Any CPU.ActiveCfg = Release|Any CPU
		{5EAE88DB-8CE0-4373-B7AC-752A8518CCAF}.Release|Any CPU.Build.0 = Release|Any CPU
		{5EAE88DB-8CE0-4373-B7AC-752A8518CCAF}.Release|ARM.ActiveCfg = Release|Any CPU
		{5EAE88DB-8CE0-4373-B7AC-752A8518CCAF}.Release|ARM.Build.0 = Release|Any CPU
		{5EAE88DB-8CE0-4373-B7AC-752A8518CCAF}.Release|ARM64.ActiveCfg = Release|Any CPU
		{5EAE88DB-8CE0-4373-B7AC-752A8518CCAF}.Release|ARM64.Build.0 = Release|Any CPU
		{5EAE88DB-8CE0-4373-B7AC-752A8518CCAF}.Release|x64.ActiveCfg = Release|Any CPU
		{5EAE88DB-8CE0-4373-B7AC-752A8518CCAF}.Release|x64.Build.0 = Release|Any CPU
		{5EAE88DB-8CE0-4373-B7AC-752A8518CCAF}.Release|x86.ActiveCfg = Release|Any CPU
		{5EAE88DB-8CE0-4373-B7AC-752A8518CCAF}.Release|x86.Build.0 = Release|Any CPU
		{C690ABB6-DA7F-4017-9762-942148F47047}.Debug|Any CPU.ActiveCfg = Debug|Any CPU
		{C690ABB6-DA7F-4017-9762-942148F47047}.Debug|Any CPU.Build.0 = Debug|Any CPU
		{C690ABB6-DA7F-4017-9762-942148F47047}.Debug|ARM.ActiveCfg = Debug|Any CPU
		{C690ABB6-DA7F-4017-9762-942148F47047}.Debug|ARM.Build.0 = Debug|Any CPU
		{C690ABB6-DA7F-4017-9762-942148F47047}.Debug|ARM64.ActiveCfg = Debug|Any CPU
		{C690ABB6-DA7F-4017-9762-942148F47047}.Debug|ARM64.Build.0 = Debug|Any CPU
		{C690ABB6-DA7F-4017-9762-942148F47047}.Debug|x64.ActiveCfg = Debug|Any CPU
		{C690ABB6-DA7F-4017-9762-942148F47047}.Debug|x64.Build.0 = Debug|Any CPU
		{C690ABB6-DA7F-4017-9762-942148F47047}.Debug|x86.ActiveCfg = Debug|Any CPU
		{C690ABB6-DA7F-4017-9762-942148F47047}.Debug|x86.Build.0 = Debug|Any CPU
		{C690ABB6-DA7F-4017-9762-942148F47047}.Release|Any CPU.ActiveCfg = Release|Any CPU
		{C690ABB6-DA7F-4017-9762-942148F47047}.Release|Any CPU.Build.0 = Release|Any CPU
		{C690ABB6-DA7F-4017-9762-942148F47047}.Release|ARM.ActiveCfg = Release|Any CPU
		{C690ABB6-DA7F-4017-9762-942148F47047}.Release|ARM.Build.0 = Release|Any CPU
		{C690ABB6-DA7F-4017-9762-942148F47047}.Release|ARM64.ActiveCfg = Release|Any CPU
		{C690ABB6-DA7F-4017-9762-942148F47047}.Release|ARM64.Build.0 = Release|Any CPU
		{C690ABB6-DA7F-4017-9762-942148F47047}.Release|x64.ActiveCfg = Release|Any CPU
		{C690ABB6-DA7F-4017-9762-942148F47047}.Release|x64.Build.0 = Release|Any CPU
		{C690ABB6-DA7F-4017-9762-942148F47047}.Release|x86.ActiveCfg = Release|Any CPU
		{C690ABB6-DA7F-4017-9762-942148F47047}.Release|x86.Build.0 = Release|Any CPU
		{76E3B81A-D51E-44B8-86B5-78C5250CF50A}.Debug|Any CPU.ActiveCfg = Debug|Any CPU
		{76E3B81A-D51E-44B8-86B5-78C5250CF50A}.Debug|Any CPU.Build.0 = Debug|Any CPU
		{76E3B81A-D51E-44B8-86B5-78C5250CF50A}.Debug|ARM.ActiveCfg = Debug|Any CPU
		{76E3B81A-D51E-44B8-86B5-78C5250CF50A}.Debug|ARM.Build.0 = Debug|Any CPU
		{76E3B81A-D51E-44B8-86B5-78C5250CF50A}.Debug|ARM64.ActiveCfg = Debug|Any CPU
		{76E3B81A-D51E-44B8-86B5-78C5250CF50A}.Debug|ARM64.Build.0 = Debug|Any CPU
		{76E3B81A-D51E-44B8-86B5-78C5250CF50A}.Debug|x64.ActiveCfg = Debug|Any CPU
		{76E3B81A-D51E-44B8-86B5-78C5250CF50A}.Debug|x64.Build.0 = Debug|Any CPU
		{76E3B81A-D51E-44B8-86B5-78C5250CF50A}.Debug|x86.ActiveCfg = Debug|Any CPU
		{76E3B81A-D51E-44B8-86B5-78C5250CF50A}.Debug|x86.Build.0 = Debug|Any CPU
		{76E3B81A-D51E-44B8-86B5-78C5250CF50A}.Release|Any CPU.ActiveCfg = Release|Any CPU
		{76E3B81A-D51E-44B8-86B5-78C5250CF50A}.Release|Any CPU.Build.0 = Release|Any CPU
		{76E3B81A-D51E-44B8-86B5-78C5250CF50A}.Release|ARM.ActiveCfg = Release|Any CPU
		{76E3B81A-D51E-44B8-86B5-78C5250CF50A}.Release|ARM.Build.0 = Release|Any CPU
		{76E3B81A-D51E-44B8-86B5-78C5250CF50A}.Release|ARM64.ActiveCfg = Release|Any CPU
		{76E3B81A-D51E-44B8-86B5-78C5250CF50A}.Release|ARM64.Build.0 = Release|Any CPU
		{76E3B81A-D51E-44B8-86B5-78C5250CF50A}.Release|x64.ActiveCfg = Release|Any CPU
		{76E3B81A-D51E-44B8-86B5-78C5250CF50A}.Release|x64.Build.0 = Release|Any CPU
		{76E3B81A-D51E-44B8-86B5-78C5250CF50A}.Release|x86.ActiveCfg = Release|Any CPU
		{76E3B81A-D51E-44B8-86B5-78C5250CF50A}.Release|x86.Build.0 = Release|Any CPU
		{B033BBD8-6DB5-4C3D-AF06-F54B28ACC7CB}.Debug|Any CPU.ActiveCfg = Debug|Any CPU
		{B033BBD8-6DB5-4C3D-AF06-F54B28ACC7CB}.Debug|Any CPU.Build.0 = Debug|Any CPU
		{B033BBD8-6DB5-4C3D-AF06-F54B28ACC7CB}.Debug|ARM.ActiveCfg = Debug|Any CPU
		{B033BBD8-6DB5-4C3D-AF06-F54B28ACC7CB}.Debug|ARM.Build.0 = Debug|Any CPU
		{B033BBD8-6DB5-4C3D-AF06-F54B28ACC7CB}.Debug|ARM64.ActiveCfg = Debug|Any CPU
		{B033BBD8-6DB5-4C3D-AF06-F54B28ACC7CB}.Debug|ARM64.Build.0 = Debug|Any CPU
		{B033BBD8-6DB5-4C3D-AF06-F54B28ACC7CB}.Debug|x64.ActiveCfg = Debug|Any CPU
		{B033BBD8-6DB5-4C3D-AF06-F54B28ACC7CB}.Debug|x64.Build.0 = Debug|Any CPU
		{B033BBD8-6DB5-4C3D-AF06-F54B28ACC7CB}.Debug|x86.ActiveCfg = Debug|Any CPU
		{B033BBD8-6DB5-4C3D-AF06-F54B28ACC7CB}.Debug|x86.Build.0 = Debug|Any CPU
		{B033BBD8-6DB5-4C3D-AF06-F54B28ACC7CB}.Release|Any CPU.ActiveCfg = Release|Any CPU
		{B033BBD8-6DB5-4C3D-AF06-F54B28ACC7CB}.Release|Any CPU.Build.0 = Release|Any CPU
		{B033BBD8-6DB5-4C3D-AF06-F54B28ACC7CB}.Release|ARM.ActiveCfg = Release|Any CPU
		{B033BBD8-6DB5-4C3D-AF06-F54B28ACC7CB}.Release|ARM.Build.0 = Release|Any CPU
		{B033BBD8-6DB5-4C3D-AF06-F54B28ACC7CB}.Release|ARM64.ActiveCfg = Release|Any CPU
		{B033BBD8-6DB5-4C3D-AF06-F54B28ACC7CB}.Release|ARM64.Build.0 = Release|Any CPU
		{B033BBD8-6DB5-4C3D-AF06-F54B28ACC7CB}.Release|x64.ActiveCfg = Release|Any CPU
		{B033BBD8-6DB5-4C3D-AF06-F54B28ACC7CB}.Release|x64.Build.0 = Release|Any CPU
		{B033BBD8-6DB5-4C3D-AF06-F54B28ACC7CB}.Release|x86.ActiveCfg = Release|Any CPU
		{B033BBD8-6DB5-4C3D-AF06-F54B28ACC7CB}.Release|x86.Build.0 = Release|Any CPU
	EndGlobalSection
	GlobalSection(SolutionProperties) = preSolution
		HideSolutionNode = FALSE
	EndGlobalSection
	GlobalSection(ExtensibilityGlobals) = postSolution
		SolutionGuid = {09A23C23-F84E-4FBA-B991-8791F8F6825C}
	EndGlobalSection
EndGlobal
